// !$*UTF8*$!
{
	archiveVersion = 1;
	classes = {
	};
	objectVersion = 55;
	objects = {

/* Begin PBXBuildFile section */
		7D58AC0429A523E100B0BA07 /* BMICalculatorManager.swift in Sources */ = {isa = PBXBuildFile; fileRef = 7D58AC0329A523E100B0BA07 /* BMICalculatorManager.swift */; };
		7D58AC0629A52EF500B0BA07 /* BMI.swift in Sources */ = {isa = PBXBuildFile; fileRef = 7D58AC0529A52EF500B0BA07 /* BMI.swift */; };
		7DC5C0B229A38F67006A1602 /* SecondViewController.swift in Sources */ = {isa = PBXBuildFile; fileRef = 7DC5C0B129A38F67006A1602 /* SecondViewController.swift */; };
		7DCA2EA229A37C8400E369FE /* AppDelegate.swift in Sources */ = {isa = PBXBuildFile; fileRef = 7DCA2EA129A37C8400E369FE /* AppDelegate.swift */; };
		7DCA2EA429A37C8400E369FE /* SceneDelegate.swift in Sources */ = {isa = PBXBuildFile; fileRef = 7DCA2EA329A37C8400E369FE /* SceneDelegate.swift */; };
		7DCA2EA629A37C8400E369FE /* ViewController.swift in Sources */ = {isa = PBXBuildFile; fileRef = 7DCA2EA529A37C8400E369FE /* ViewController.swift */; };
		7DCA2EA929A37C8400E369FE /* Main.storyboard in Resources */ = {isa = PBXBuildFile; fileRef = 7DCA2EA729A37C8400E369FE /* Main.storyboard */; };
		7DCA2EAB29A37C8700E369FE /* Assets.xcassets in Resources */ = {isa = PBXBuildFile; fileRef = 7DCA2EAA29A37C8700E369FE /* Assets.xcassets */; };
		7DCA2EAE29A37C8700E369FE /* LaunchScreen.storyboard in Resources */ = {isa = PBXBuildFile; fileRef = 7DCA2EAC29A37C8700E369FE /* LaunchScreen.storyboard */; };
/* End PBXBuildFile section */

/* Begin PBXFileReference section */
		7D58AC0329A523E100B0BA07 /* BMICalculatorManager.swift */ = {isa = PBXFileReference; lastKnownFileType = sourcecode.swift; path = BMICalculatorManager.swift; sourceTree = "<group>"; };
		7D58AC0529A52EF500B0BA07 /* BMI.swift */ = {isa = PBXFileReference; lastKnownFileType = sourcecode.swift; path = BMI.swift; sourceTree = "<group>"; };
		7DC5C0B129A38F67006A1602 /* SecondViewController.swift */ = {isa = PBXFileReference; lastKnownFileType = sourcecode.swift; path = SecondViewController.swift; sourceTree = "<group>"; };
		7DCA2E9E29A37C8400E369FE /* CalculateBMI-MVC.app */ = {isa = PBXFileReference; explicitFileType = wrapper.application; includeInIndex = 0; path = "CalculateBMI-MVC.app"; sourceTree = BUILT_PRODUCTS_DIR; };
		7DCA2EA129A37C8400E369FE /* AppDelegate.swift */ = {isa = PBXFileReference; lastKnownFileType = sourcecode.swift; path = AppDelegate.swift; sourceTree = "<group>"; };
		7DCA2EA329A37C8400E369FE /* SceneDelegate.swift */ = {isa = PBXFileReference; lastKnownFileType = sourcecode.swift; path = SceneDelegate.swift; sourceTree = "<group>"; };
		7DCA2EA529A37C8400E369FE /* ViewController.swift */ = {isa = PBXFileReference; lastKnownFileType = sourcecode.swift; path = ViewController.swift; sourceTree = "<group>"; };
		7DCA2EA829A37C8400E369FE /* Base */ = {isa = PBXFileReference; lastKnownFileType = file.storyboard; name = Base; path = Base.lproj/Main.storyboard; sourceTree = "<group>"; };
		7DCA2EAA29A37C8700E369FE /* Assets.xcassets */ = {isa = PBXFileReference; lastKnownFileType = folder.assetcatalog; path = Assets.xcassets; sourceTree = "<group>"; };
		7DCA2EAD29A37C8700E369FE /* Base */ = {isa = PBXFileReference; lastKnownFileType = file.storyboard; name = Base; path = Base.lproj/LaunchScreen.storyboard; sourceTree = "<group>"; };
		7DCA2EAF29A37C8700E369FE /* Info.plist */ = {isa = PBXFileReference; lastKnownFileType = text.plist.xml; path = Info.plist; sourceTree = "<group>"; };
/* End PBXFileReference section */

/* Begin PBXFrameworksBuildPhase section */
		7DCA2E9B29A37C8400E369FE /* Frameworks */ = {
			isa = PBXFrameworksBuildPhase;
			buildActionMask = 2147483647;
			files = (
			);
			runOnlyForDeploymentPostprocessing = 0;
		};
/* End PBXFrameworksBuildPhase section */

/* Begin PBXGroup section */
		7D58AC0029A522E300B0BA07 /* Models */ = {
			isa = PBXGroup;
			children = (
				7D58AC0329A523E100B0BA07 /* BMICalculatorManager.swift */,
				7D58AC0529A52EF500B0BA07 /* BMI.swift */,
			);
			path = Models;
			sourceTree = "<group>";
		};
		7D58AC0129A522F200B0BA07 /* Controllers */ = {
			isa = PBXGroup;
			children = (
				7DCA2EA529A37C8400E369FE /* ViewController.swift */,
				7DC5C0B129A38F67006A1602 /* SecondViewController.swift */,
			);
			path = Controllers;
			sourceTree = "<group>";
		};
		7D58AC0229A5231300B0BA07 /* Views */ = {
			isa = PBXGroup;
			children = (
				7DCA2EA729A37C8400E369FE /* Main.storyboard */,
			);
			path = Views;
			sourceTree = "<group>";
		};
		7DCA2E9529A37C8400E369FE = {
			isa = PBXGroup;
			children = (
				7DCA2EA029A37C8400E369FE /* CalculateBMI-MVC */,
				7DCA2E9F29A37C8400E369FE /* Products */,
			);
			sourceTree = "<group>";
		};
		7DCA2E9F29A37C8400E369FE /* Products */ = {
			isa = PBXGroup;
			children = (
				7DCA2E9E29A37C8400E369FE /* CalculateBMI-MVC.app */,
			);
			name = Products;
			sourceTree = "<group>";
		};
		7DCA2EA029A37C8400E369FE /* CalculateBMI-MVC */ = {
			isa = PBXGroup;
			children = (
				7DCA2EA129A37C8400E369FE /* AppDelegate.swift */,
				7DCA2EA329A37C8400E369FE /* SceneDelegate.swift */,
				7D58AC0029A522E300B0BA07 /* Models */,
				7D58AC0229A5231300B0BA07 /* Views */,
				7D58AC0129A522F200B0BA07 /* Controllers */,
				7DCA2EAA29A37C8700E369FE /* Assets.xcassets */,
				7DCA2EAC29A37C8700E369FE /* LaunchScreen.storyboard */,
				7DCA2EAF29A37C8700E369FE /* Info.plist */,
			);
			path = "CalculateBMI-MVC";
			sourceTree = "<group>";
		};
/* End PBXGroup section */

/* Begin PBXNativeTarget section */
		7DCA2E9D29A37C8400E369FE /* CalculateBMI-MVC */ = {
			isa = PBXNativeTarget;
			buildConfigurationList = 7DCA2EB229A37C8700E369FE /* Build configuration list for PBXNativeTarget "CalculateBMI-MVC" */;
			buildPhases = (
				7DCA2E9A29A37C8400E369FE /* Sources */,
				7DCA2E9B29A37C8400E369FE /* Frameworks */,
				7DCA2E9C29A37C8400E369FE /* Resources */,
			);
			buildRules = (
			);
			dependencies = (
			);
			name = "CalculateBMI-MVC";
			productName = curculateBMI;
			productReference = 7DCA2E9E29A37C8400E369FE /* CalculateBMI-MVC.app */;
			productType = "com.apple.product-type.application";
		};
/* End PBXNativeTarget section */

/* Begin PBXProject section */
		7DCA2E9629A37C8400E369FE /* Project object */ = {
			isa = PBXProject;
			attributes = {
				BuildIndependentTargetsInParallel = 1;
				LastSwiftUpdateCheck = 1320;
				LastUpgradeCheck = 1320;
				TargetAttributes = {
					7DCA2E9D29A37C8400E369FE = {
						CreatedOnToolsVersion = 13.2.1;
					};
				};
			};
			buildConfigurationList = 7DCA2E9929A37C8400E369FE /* Build configuration list for PBXProject "CalculateBMI-MVC" */;
			compatibilityVersion = "Xcode 13.0";
			developmentRegion = en;
			hasScannedForEncodings = 0;
			knownRegions = (
				en,
				Base,
			);
			mainGroup = 7DCA2E9529A37C8400E369FE;
			productRefGroup = 7DCA2E9F29A37C8400E369FE /* Products */;
			projectDirPath = "";
			projectRoot = "";
			targets = (
				7DCA2E9D29A37C8400E369FE /* CalculateBMI-MVC */,
			);
		};
/* End PBXProject section */

/* Begin PBXResourcesBuildPhase section */
		7DCA2E9C29A37C8400E369FE /* Resources */ = {
			isa = PBXResourcesBuildPhase;
			buildActionMask = 2147483647;
			files = (
				7DCA2EAE29A37C8700E369FE /* LaunchScreen.storyboard in Resources */,
				7DCA2EAB29A37C8700E369FE /* Assets.xcassets in Resources */,
				7DCA2EA929A37C8400E369FE /* Main.storyboard in Resources */,
			);
			runOnlyForDeploymentPostprocessing = 0;
		};
/* End PBXResourcesBuildPhase section */

/* Begin PBXSourcesBuildPhase section */
		7DCA2E9A29A37C8400E369FE /* Sources */ = {
			isa = PBXSourcesBuildPhase;
			buildActionMask = 2147483647;
			files = (
				7DC5C0B229A38F67006A1602 /* SecondViewController.swift in Sources */,
				7DCA2EA629A37C8400E369FE /* ViewController.swift in Sources */,
				7DCA2EA229A37C8400E369FE /* AppDelegate.swift in Sources */,
				7D58AC0429A523E100B0BA07 /* BMICalculatorManager.swift in Sources */,
				7D58AC0629A52EF500B0BA07 /* BMI.swift in Sources */,
				7DCA2EA429A37C8400E369FE /* SceneDelegate.swift in Sources */,
			);
			runOnlyForDeploymentPostprocessing = 0;
		};
/* End PBXSourcesBuildPhase section */

/* Begin PBXVariantGroup section */
		7DCA2EA729A37C8400E369FE /* Main.storyboard */ = {
			isa = PBXVariantGroup;
			children = (
				7DCA2EA829A37C8400E369FE /* Base */,
			);
			name = Main.storyboard;
			sourceTree = "<group>";
		};
		7DCA2EAC29A37C8700E369FE /* LaunchScreen.storyboard */ = {
			isa = PBXVariantGroup;
			children = (
				7DCA2EAD29A37C8700E369FE /* Base */,
			);
			name = LaunchScreen.storyboard;
			sourceTree = "<group>";
		};
/* End PBXVariantGroup section */

/* Begin XCBuildConfiguration section */
		7DCA2EB029A37C8700E369FE /* Debug */ = {
			isa = XCBuildConfiguration;
			buildSettings = {
				ALWAYS_SEARCH_USER_PATHS = NO;
				CLANG_ANALYZER_NONNULL = YES;
				CLANG_ANALYZER_NUMBER_OBJECT_CONVERSION = YES_AGGRESSIVE;
				CLANG_CXX_LANGUAGE_STANDARD = "gnu++17";
				CLANG_CXX_LIBRARY = "libc++";
				CLANG_ENABLE_MODULES = YES;
				CLANG_ENABLE_OBJC_ARC = YES;
				CLANG_ENABLE_OBJC_WEAK = YES;
				CLANG_WARN_BLOCK_CAPTURE_AUTORELEASING = YES;
				CLANG_WARN_BOOL_CONVERSION = YES;
				CLANG_WARN_COMMA = YES;
				CLANG_WARN_CONSTANT_CONVERSION = YES;
				CLANG_WARN_DEPRECATED_OBJC_IMPLEMENTATIONS = YES;
				CLANG_WARN_DIRECT_OBJC_ISA_USAGE = YES_ERROR;
				CLANG_WARN_DOCUMENTATION_COMMENTS = YES;
				CLANG_WARN_EMPTY_BODY = YES;
				CLANG_WARN_ENUM_CONVERSION = YES;
				CLANG_WARN_INFINITE_RECURSION = YES;
				CLANG_WARN_INT_CONVERSION = YES;
				CLANG_WARN_NON_LITERAL_NULL_CONVERSION = YES;
				CLANG_WARN_OBJC_IMPLICIT_RETAIN_SELF = YES;
				CLANG_WARN_OBJC_LITERAL_CONVERSION = YES;
				CLANG_WARN_OBJC_ROOT_CLASS = YES_ERROR;
				CLANG_WARN_QUOTED_INCLUDE_IN_FRAMEWORK_HEADER = YES;
				CLANG_WARN_RANGE_LOOP_ANALYSIS = YES;
				CLANG_WARN_STRICT_PROTOTYPES = YES;
				CLANG_WARN_SUSPICIOUS_MOVE = YES;
				CLANG_WARN_UNGUARDED_AVAILABILITY = YES_AGGRESSIVE;
				CLANG_WARN_UNREACHABLE_CODE = YES;
				CLANG_WARN__DUPLICATE_METHOD_MATCH = YES;
				COPY_PHASE_STRIP = NO;
				DEBUG_INFORMATION_FORMAT = dwarf;
				ENABLE_STRICT_OBJC_MSGSEND = YES;
				ENABLE_TESTABILITY = YES;
				GCC_C_LANGUAGE_STANDARD = gnu11;
				GCC_DYNAMIC_NO_PIC = NO;
				GCC_NO_COMMON_BLOCKS = YES;
				GCC_OPTIMIZATION_LEVEL = 0;
				GCC_PREPROCESSOR_DEFINITIONS = (
					"DEBUG=1",
					"$(inherited)",
				);
				GCC_WARN_64_TO_32_BIT_CONVERSION = YES;
				GCC_WARN_ABOUT_RETURN_TYPE = YES_ERROR;
				GCC_WARN_UNDECLARED_SELECTOR = YES;
				GCC_WARN_UNINITIALIZED_AUTOS = YES_AGGRESSIVE;
				GCC_WARN_UNUSED_FUNCTION = YES;
				GCC_WARN_UNUSED_VARIABLE = YES;
				IPHONEOS_DEPLOYMENT_TARGET = 15.2;
				MTL_ENABLE_DEBUG_INFO = INCLUDE_SOURCE;
				MTL_FAST_MATH = YES;
				ONLY_ACTIVE_ARCH = YES;
				SDKROOT = iphoneos;
				SWIFT_ACTIVE_COMPILATION_CONDITIONS = DEBUG;
				SWIFT_OPTIMIZATION_LEVEL = "-Onone";
			};
			name = Debug;
		};
		7DCA2EB129A37C8700E369FE /* Release */ = {
			isa = XCBuildConfiguration;
			buildSettings = {
				ALWAYS_SEARCH_USER_PATHS = NO;
				CLANG_ANALYZER_NONNULL = YES;
				CLANG_ANALYZER_NUMBER_OBJECT_CONVERSION = YES_AGGRESSIVE;
				CLANG_CXX_LANGUAGE_STANDARD = "gnu++17";
				CLANG_CXX_LIBRARY = "libc++";
				CLANG_ENABLE_MODULES = YES;
				CLANG_ENABLE_OBJC_ARC = YES;
				CLANG_ENABLE_OBJC_WEAK = YES;
				CLANG_WARN_BLOCK_CAPTURE_AUTORELEASING = YES;
				CLANG_WARN_BOOL_CONVERSION = YES;
				CLANG_WARN_COMMA = YES;
				CLANG_WARN_CONSTANT_CONVERSION = YES;
				CLANG_WARN_DEPRECATED_OBJC_IMPLEMENTATIONS = YES;
				CLANG_WARN_DIRECT_OBJC_ISA_USAGE = YES_ERROR;
				CLANG_WARN_DOCUMENTATION_COMMENTS = YES;
				CLANG_WARN_EMPTY_BODY = YES;
				CLANG_WARN_ENUM_CONVERSION = YES;
				CLANG_WARN_INFINITE_RECURSION = YES;
				CLANG_WARN_INT_CONVERSION = YES;
				CLANG_WARN_NON_LITERAL_NULL_CONVERSION = YES;
				CLANG_WARN_OBJC_IMPLICIT_RETAIN_SELF = YES;
				CLANG_WARN_OBJC_LITERAL_CONVERSION = YES;
				CLANG_WARN_OBJC_ROOT_CLASS = YES_ERROR;
				CLANG_WARN_QUOTED_INCLUDE_IN_FRAMEWORK_HEADER = YES;
				CLANG_WARN_RANGE_LOOP_ANALYSIS = YES;
				CLANG_WARN_STRICT_PROTOTYPES = YES;
				CLANG_WARN_SUSPICIOUS_MOVE = YES;
				CLANG_WARN_UNGUARDED_AVAILABILITY = YES_AGGRESSIVE;
				CLANG_WARN_UNREACHABLE_CODE = YES;
				CLANG_WARN__DUPLICATE_METHOD_MATCH = YES;
				COPY_PHASE_STRIP = NO;
				DEBUG_INFORMATION_FORMAT = "dwarf-with-dsym";
				ENABLE_NS_ASSERTIONS = NO;
				ENABLE_STRICT_OBJC_MSGSEND = YES;
				GCC_C_LANGUAGE_STANDARD = gnu11;
				GCC_NO_COMMON_BLOCKS = YES;
				GCC_WARN_64_TO_32_BIT_CONVERSION = YES;
				GCC_WARN_ABOUT_RETURN_TYPE = YES_ERROR;
				GCC_WARN_UNDECLARED_SELECTOR = YES;
				GCC_WARN_UNINITIALIZED_AUTOS = YES_AGGRESSIVE;
				GCC_WARN_UNUSED_FUNCTION = YES;
				GCC_WARN_UNUSED_VARIABLE = YES;
				IPHONEOS_DEPLOYMENT_TARGET = 15.2;
				MTL_ENABLE_DEBUG_INFO = NO;
				MTL_FAST_MATH = YES;
				SDKROOT = iphoneos;
				SWIFT_COMPILATION_MODE = wholemodule;
				SWIFT_OPTIMIZATION_LEVEL = "-O";
				VALIDATE_PRODUCT = YES;
			};
			name = Release;
		};
		7DCA2EB329A37C8700E369FE /* Debug */ = {
			isa = XCBuildConfiguration;
			buildSettings = {
				ASSETCATALOG_COMPILER_APPICON_NAME = AppIcon;
				ASSETCATALOG_COMPILER_GLOBAL_ACCENT_COLOR_NAME = AccentColor;
				CODE_SIGN_STYLE = Automatic;
				CURRENT_PROJECT_VERSION = 1;
				GENERATE_INFOPLIST_FILE = YES;
				INFOPLIST_FILE = "CalculateBMI-MVC/Info.plist";
				INFOPLIST_KEY_UIApplicationSupportsIndirectInputEvents = YES;
				INFOPLIST_KEY_UILaunchStoryboardName = LaunchScreen;
				INFOPLIST_KEY_UIMainStoryboardFile = Main;
				INFOPLIST_KEY_UISupportedInterfaceOrientations_iPad = "UIInterfaceOrientationPortrait UIInterfaceOrientationPortraitUpsideDown UIInterfaceOrientationLandscapeLeft UIInterfaceOrientationLandscapeRight";
				INFOPLIST_KEY_UISupportedInterfaceOrientations_iPhone = "UIInterfaceOrientationPortrait UIInterfaceOrientationLandscapeLeft UIInterfaceOrientationLandscapeRight";
				IPHONEOS_DEPLOYMENT_TARGET = 13.0;
				LD_RUNPATH_SEARCH_PATHS = (
					"$(inherited)",
					"@executable_path/Frameworks",
				);
				MARKETING_VERSION = 1.0;
				PRODUCT_BUNDLE_IDENTIFIER = "com.yeonjuPractice.CalculateBMI-MVC";
				PRODUCT_NAME = "$(TARGET_NAME)";
				SWIFT_EMIT_LOC_STRINGS = YES;
				SWIFT_VERSION = 5.0;
				TARGETED_DEVICE_FAMILY = 1;
			};
			name = Debug;
		};
		7DCA2EB429A37C8700E369FE /* Release */ = {
			isa = XCBuildConfiguration;
			buildSettings = {
				ASSETCATALOG_COMPILER_APPICON_NAME = AppIcon;
				ASSETCATALOG_COMPILER_GLOBAL_ACCENT_COLOR_NAME = AccentColor;
				CODE_SIGN_STYLE = Automatic;
				CURRENT_PROJECT_VERSION = 1;
				GENERATE_INFOPLIST_FILE = YES;
				INFOPLIST_FILE = "CalculateBMI-MVC/Info.plist";
				INFOPLIST_KEY_UIApplicationSupportsIndirectInputEvents = YES;
				INFOPLIST_KEY_UILaunchStoryboardName = LaunchScreen;
				INFOPLIST_KEY_UIMainStoryboardFile = Main;
				INFOPLIST_KEY_UISupportedInterfaceOrientations_iPad = "UIInterfaceOrientationPortrait UIInterfaceOrientationPortraitUpsideDown UIInterfaceOrientationLandscapeLeft UIInterfaceOrientationLandscapeRight";
				INFOPLIST_KEY_UISupportedInterfaceOrientations_iPhone = "UIInterfaceOrientationPortrait UIInterfaceOrientationLandscapeLeft UIInterfaceOrientationLandscapeRight";
				IPHONEOS_DEPLOYMENT_TARGET = 13.0;
				LD_RUNPATH_SEARCH_PATHS = (
					"$(inherited)",
					"@executable_path/Frameworks",
				);
				MARKETING_VERSION = 1.0;
				PRODUCT_BUNDLE_IDENTIFIER = "com.yeonjuPractice.CalculateBMI-MVC";
				PRODUCT_NAME = "$(TARGET_NAME)";
				SWIFT_EMIT_LOC_STRINGS = YES;
				SWIFT_VERSION = 5.0;
				TARGETED_DEVICE_FAMILY = 1;
			};
			name = Release;
		};
/* End XCBuildConfiguration section */

/* Begin XCConfigurationList section */
		7DCA2E9929A37C8400E369FE /* Build configuration list for PBXProject "CalculateBMI-MVC" */ = {
			isa = XCConfigurationList;
			buildConfigurations = (
				7DCA2EB029A37C8700E369FE /* Debug */,
				7DCA2EB129A37C8700E369FE /* Release */,
			);
			defaultConfigurationIsVisible = 0;
			defaultConfigurationName = Release;
		};
		7DCA2EB229A37C8700E369FE /* Build configuration list for PBXNativeTarget "CalculateBMI-MVC" */ = {
			isa = XCConfigurationList;
			buildConfigurations = (
				7DCA2EB329A37C8700E369FE /* Debug */,
				7DCA2EB429A37C8700E369FE /* Release */,
			);
			defaultConfigurationIsVisible = 0;
			defaultConfigurationName = Release;
		};
/* End XCConfigurationList section */
	};
	rootObject = 7DCA2E9629A37C8400E369FE /* Project object */;
}
